
Microsoft Visual Studio Solution File, Format Version 12.00
# Visual Studio Version 16
VisualStudioVersion = 16.0.32428.217
MinimumVisualStudioVersion = 10.0.40219.1
Project("{2150E333-8FDC-42A3-9474-1A3956D46DE8}") = "Class projects", "Class projects", "{1072D076-83B5-4716-A721-3211D9339E91}"
EndProject
Project("{9A19103F-16F7-4668-BE54-9A1E7A4F7556}") = "ConsoleHelperLibrary", "ConsoleHelperLibrary\ConsoleHelperLibrary.csproj", "{8F3D43E5-9FF9-427B-93CD-43902AD85DDB}"
EndProject
Project("{9A19103F-16F7-4668-BE54-9A1E7A4F7556}") = "LoginConsoleApp", "LoginConsoleApp\LoginConsoleApp.csproj", "{8E388B95-65C4-4586-99C3-87660042D132}"
EndProject
Project("{9A19103F-16F7-4668-BE54-9A1E7A4F7556}") = "MenuConsoleApp", "MenuConsoleApp\MenuConsoleApp.csproj", "{DC7DC25D-1A14-47AC-909F-2F23BC5DC29A}"
EndProject
Project("{9A19103F-16F7-4668-BE54-9A1E7A4F7556}") = "MenuSimpleApp", "MenuSimpleApp\MenuSimpleApp.csproj", "{320E205E-2DB9-455E-B062-9EA73BF1D1F9}"
EndProject
Project("{9A19103F-16F7-4668-BE54-9A1E7A4F7556}") = "EPPlus1", "EPPlus1\EPPlus1.csproj", "{6C4CE362-17FD-470E-AD9C-A01B661D619A}"
EndProject
Project("{9A19103F-16F7-4668-BE54-9A1E7A4F7556}") = "DataTableGroupApp", "DataTableGroupingApp\DataTableGroupApp.csproj", "{C5A8138B-A15B-471F-8AD8-44CF8B5A9480}"
EndProject
Project("{9A19103F-16F7-4668-BE54-9A1E7A4F7556}") = "UtilityLibrary", "UtilityLibrary\UtilityLibrary.csproj", "{B90B8DE4-9677-459F-B3A4-1F92373BA892}"
EndProject
Project("{9A19103F-16F7-4668-BE54-9A1E7A4F7556}") = "TopMenuConsoleApp", "TopMenuConsoleApp\TopMenuConsoleApp.csproj", "{E212D5DC-9DC9-4043-89E1-04BACB69CF65}"
EndProject
Project("{2150E333-8FDC-42A3-9474-1A3956D46DE8}") = "Terminal.Gui", "Terminal.Gui", "{9B753E0F-4580-4901-8684-A8EC6D9151AA}"
EndProject
Project("{2150E333-8FDC-42A3-9474-1A3956D46DE8}") = "Spectre.Console", "Spectre.Console", "{53057864-8DF9-4A9D-924C-36A8C899CB6A}"
EndProject
Project("{2150E333-8FDC-42A3-9474-1A3956D46DE8}") = "Solution Items", "Solution Items", "{48C90D4C-F2FF-433E-9CB0-9DBB21B7298B}"
	ProjectSection(SolutionItems) = preProject
		readme.md = readme.md
		stash.txt = stash.txt
	EndProjectSection
EndProject
Project("{9A19103F-16F7-4668-BE54-9A1E7A4F7556}") = "ProgressApp", "ProgressApp\ProgressApp.csproj", "{077C25F6-CC42-453D-8BC5-3D98B183A67C}"
EndProject
Project("{9A19103F-16F7-4668-BE54-9A1E7A4F7556}") = "AskConsoleApp", "AskConsoleApp\AskConsoleApp.csproj", "{F238AE90-8D78-4B35-AF37-5B9FBCF44159}"
EndProject
Project("{9A19103F-16F7-4668-BE54-9A1E7A4F7556}") = "BarChartConsoleApp", "BarChartConsoleApp\BarChartConsoleApp.csproj", "{934963B6-00AE-4D75-BF62-9247B5AB8809}"
EndProject
Project("{9A19103F-16F7-4668-BE54-9A1E7A4F7556}") = "CalendarEventConsoleApp", "CalendarEventConsoleApp\CalendarEventConsoleApp.csproj", "{E9DDBABE-5EB4-4AEC-8CE4-8C7710E73532}"
EndProject
Project("{9A19103F-16F7-4668-BE54-9A1E7A4F7556}") = "TraverseFolder", "TraverseFolder\TraverseFolder.csproj", "{7E298794-49D6-43A9-B5A3-CB1FCFCBF777}"
EndProject
Project("{9A19103F-16F7-4668-BE54-9A1E7A4F7556}") = "ExceptionsConsoleApp", "ExceptionsConsoleApp\ExceptionsConsoleApp.csproj", "{0264BBD8-61EC-4DAE-8BC9-2BC0E5491C53}"
EndProject
Project("{9A19103F-16F7-4668-BE54-9A1E7A4F7556}") = "TreeConsoleApp", "TreeConsoleApp\TreeConsoleApp.csproj", "{5F4F4EC4-A0CD-4F13-B02C-D06119A707EA}"
EndProject
Project("{2150E333-8FDC-42A3-9474-1A3956D46DE8}") = "Other", "Other", "{1296AE50-A024-4118-B43D-2F9802A567BB}"
EndProject
Project("{9A19103F-16F7-4668-BE54-9A1E7A4F7556}") = "LoggingConsoleApp", "LoggingConsoleApp\LoggingConsoleApp.csproj", "{A6462B6B-31CA-4E58-86F6-BFF903A5FF3B}"
EndProject
Project("{FAE04EC0-301F-11D3-BF4B-00C04F79EFBC}") = "BaseCoreUnitTestProject1", "BaseCoreUnitTestProject1\BaseCoreUnitTestProject1.csproj", "{99D6809F-ACAB-4C27-BFC5-FB40D416EBD6}"
EndProject
Project("{FAE04EC0-301F-11D3-BF4B-00C04F79EFBC}") = "TrainConsoleApp", "TrainConsoleApp\TrainConsoleApp.csproj", "{6CB03274-A1D4-419A-8700-BB9F3420772F}"
EndProject
Project("{FAE04EC0-301F-11D3-BF4B-00C04F79EFBC}") = "ColorfulConsoleApp", "ColorfulConsoleApp\ColorfulConsoleApp.csproj", "{756D6C85-753E-4303-BB3D-B3BBD0A4B2BB}"
EndProject
Project("{9A19103F-16F7-4668-BE54-9A1E7A4F7556}") = "MarkOfTheWeb", "MarkOfTheWeb\MarkOfTheWeb.csproj", "{A83D7999-F3F0-4166-9074-8DD2A3B2DA33}"
EndProject
Global
	GlobalSection(SolutionConfigurationPlatforms) = preSolution
		Debug|Any CPU = Debug|Any CPU
		Release|Any CPU = Release|Any CPU
	EndGlobalSection
	GlobalSection(ProjectConfigurationPlatforms) = postSolution
		{8F3D43E5-9FF9-427B-93CD-43902AD85DDB}.Debug|Any CPU.ActiveCfg = Debug|Any CPU
		{8F3D43E5-9FF9-427B-93CD-43902AD85DDB}.Debug|Any CPU.Build.0 = Debug|Any CPU
		{8F3D43E5-9FF9-427B-93CD-43902AD85DDB}.Release|Any CPU.ActiveCfg = Release|Any CPU
		{8F3D43E5-9FF9-427B-93CD-43902AD85DDB}.Release|Any CPU.Build.0 = Release|Any CPU
		{8E388B95-65C4-4586-99C3-87660042D132}.Debug|Any CPU.ActiveCfg = Debug|Any CPU
		{8E388B95-65C4-4586-99C3-87660042D132}.Debug|Any CPU.Build.0 = Debug|Any CPU
		{8E388B95-65C4-4586-99C3-87660042D132}.Release|Any CPU.ActiveCfg = Release|Any CPU
		{8E388B95-65C4-4586-99C3-87660042D132}.Release|Any CPU.Build.0 = Release|Any CPU
		{DC7DC25D-1A14-47AC-909F-2F23BC5DC29A}.Debug|Any CPU.ActiveCfg = Debug|Any CPU
		{DC7DC25D-1A14-47AC-909F-2F23BC5DC29A}.Debug|Any CPU.Build.0 = Debug|Any CPU
		{DC7DC25D-1A14-47AC-909F-2F23BC5DC29A}.Release|Any CPU.ActiveCfg = Release|Any CPU
		{DC7DC25D-1A14-47AC-909F-2F23BC5DC29A}.Release|Any CPU.Build.0 = Release|Any CPU
		{320E205E-2DB9-455E-B062-9EA73BF1D1F9}.Debug|Any CPU.ActiveCfg = Debug|Any CPU
		{320E205E-2DB9-455E-B062-9EA73BF1D1F9}.Debug|Any CPU.Build.0 = Debug|Any CPU
		{320E205E-2DB9-455E-B062-9EA73BF1D1F9}.Release|Any CPU.ActiveCfg = Release|Any CPU
		{320E205E-2DB9-455E-B062-9EA73BF1D1F9}.Release|Any CPU.Build.0 = Release|Any CPU
		{6C4CE362-17FD-470E-AD9C-A01B661D619A}.Debug|Any CPU.ActiveCfg = Debug|Any CPU
		{6C4CE362-17FD-470E-AD9C-A01B661D619A}.Debug|Any CPU.Build.0 = Debug|Any CPU
		{6C4CE362-17FD-470E-AD9C-A01B661D619A}.Release|Any CPU.ActiveCfg = Release|Any CPU
		{6C4CE362-17FD-470E-AD9C-A01B661D619A}.Release|Any CPU.Build.0 = Release|Any CPU
		{C5A8138B-A15B-471F-8AD8-44CF8B5A9480}.Debug|Any CPU.ActiveCfg = Debug|Any CPU
		{C5A8138B-A15B-471F-8AD8-44CF8B5A9480}.Debug|Any CPU.Build.0 = Debug|Any CPU
		{C5A8138B-A15B-471F-8AD8-44CF8B5A9480}.Release|Any CPU.ActiveCfg = Release|Any CPU
		{C5A8138B-A15B-471F-8AD8-44CF8B5A9480}.Release|Any CPU.Build.0 = Release|Any CPU
		{B90B8DE4-9677-459F-B3A4-1F92373BA892}.Debug|Any CPU.ActiveCfg = Debug|Any CPU
		{B90B8DE4-9677-459F-B3A4-1F92373BA892}.Debug|Any CPU.Build.0 = Debug|Any CPU
		{B90B8DE4-9677-459F-B3A4-1F92373BA892}.Release|Any CPU.ActiveCfg = Release|Any CPU
		{B90B8DE4-9677-459F-B3A4-1F92373BA892}.Release|Any CPU.Build.0 = Release|Any CPU
		{E212D5DC-9DC9-4043-89E1-04BACB69CF65}.Debug|Any CPU.ActiveCfg = Debug|Any CPU
		{E212D5DC-9DC9-4043-89E1-04BACB69CF65}.Debug|Any CPU.Build.0 = Debug|Any CPU
		{E212D5DC-9DC9-4043-89E1-04BACB69CF65}.Release|Any CPU.ActiveCfg = Release|Any CPU
		{E212D5DC-9DC9-4043-89E1-04BACB69CF65}.Release|Any CPU.Build.0 = Release|Any CPU
		{077C25F6-CC42-453D-8BC5-3D98B183A67C}.Debug|Any CPU.ActiveCfg = Debug|Any CPU
		{077C25F6-CC42-453D-8BC5-3D98B183A67C}.Debug|Any CPU.Build.0 = Debug|Any CPU
		{077C25F6-CC42-453D-8BC5-3D98B183A67C}.Release|Any CPU.ActiveCfg = Release|Any CPU
		{077C25F6-CC42-453D-8BC5-3D98B183A67C}.Release|Any CPU.Build.0 = Release|Any CPU
		{F238AE90-8D78-4B35-AF37-5B9FBCF44159}.Debug|Any CPU.ActiveCfg = Debug|Any CPU
		{F238AE90-8D78-4B35-AF37-5B9FBCF44159}.Debug|Any CPU.Build.0 = Debug|Any CPU
		{F238AE90-8D78-4B35-AF37-5B9FBCF44159}.Release|Any CPU.ActiveCfg = Release|Any CPU
		{F238AE90-8D78-4B35-AF37-5B9FBCF44159}.Release|Any CPU.Build.0 = Release|Any CPU
		{934963B6-00AE-4D75-BF62-9247B5AB8809}.Debug|Any CPU.ActiveCfg = Debug|Any CPU
		{934963B6-00AE-4D75-BF62-9247B5AB8809}.Debug|Any CPU.Build.0 = Debug|Any CPU
		{934963B6-00AE-4D75-BF62-9247B5AB8809}.Release|Any CPU.ActiveCfg = Release|Any CPU
		{934963B6-00AE-4D75-BF62-9247B5AB8809}.Release|Any CPU.Build.0 = Release|Any CPU
		{E9DDBABE-5EB4-4AEC-8CE4-8C7710E73532}.Debug|Any CPU.ActiveCfg = Debug|Any CPU
		{E9DDBABE-5EB4-4AEC-8CE4-8C7710E73532}.Debug|Any CPU.Build.0 = Debug|Any CPU
		{E9DDBABE-5EB4-4AEC-8CE4-8C7710E73532}.Release|Any CPU.ActiveCfg = Release|Any CPU
		{E9DDBABE-5EB4-4AEC-8CE4-8C7710E73532}.Release|Any CPU.Build.0 = Release|Any CPU
		{7E298794-49D6-43A9-B5A3-CB1FCFCBF777}.Debug|Any CPU.ActiveCfg = Debug|Any CPU
		{7E298794-49D6-43A9-B5A3-CB1FCFCBF777}.Debug|Any CPU.Build.0 = Debug|Any CPU
		{7E298794-49D6-43A9-B5A3-CB1FCFCBF777}.Release|Any CPU.ActiveCfg = Release|Any CPU
		{7E298794-49D6-43A9-B5A3-CB1FCFCBF777}.Release|Any CPU.Build.0 = Release|Any CPU
		{0264BBD8-61EC-4DAE-8BC9-2BC0E5491C53}.Debug|Any CPU.ActiveCfg = Debug|Any CPU
		{0264BBD8-61EC-4DAE-8BC9-2BC0E5491C53}.Debug|Any CPU.Build.0 = Debug|Any CPU
		{0264BBD8-61EC-4DAE-8BC9-2BC0E5491C53}.Release|Any CPU.ActiveCfg = Release|Any CPU
		{0264BBD8-61EC-4DAE-8BC9-2BC0E5491C53}.Release|Any CPU.Build.0 = Release|Any CPU
		{5F4F4EC4-A0CD-4F13-B02C-D06119A707EA}.Debug|Any CPU.ActiveCfg = Debug|Any CPU
		{5F4F4EC4-A0CD-4F13-B02C-D06119A707EA}.Debug|Any CPU.Build.0 = Debug|Any CPU
		{5F4F4EC4-A0CD-4F13-B02C-D06119A707EA}.Release|Any CPU.ActiveCfg = Release|Any CPU
		{5F4F4EC4-A0CD-4F13-B02C-D06119A707EA}.Release|Any CPU.Build.0 = Release|Any CPU
		{A6462B6B-31CA-4E58-86F6-BFF903A5FF3B}.Debug|Any CPU.ActiveCfg = Debug|Any CPU
		{A6462B6B-31CA-4E58-86F6-BFF903A5FF3B}.Debug|Any CPU.Build.0 = Debug|Any CPU
		{A6462B6B-31CA-4E58-86F6-BFF903A5FF3B}.Release|Any CPU.ActiveCfg = Release|Any CPU
		{A6462B6B-31CA-4E58-86F6-BFF903A5FF3B}.Release|Any CPU.Build.0 = Release|Any CPU
		{99D6809F-ACAB-4C27-BFC5-FB40D416EBD6}.Debug|Any CPU.ActiveCfg = Debug|Any CPU
		{99D6809F-ACAB-4C27-BFC5-FB40D416EBD6}.Debug|Any CPU.Build.0 = Debug|Any CPU
		{99D6809F-ACAB-4C27-BFC5-FB40D416EBD6}.Release|Any CPU.ActiveCfg = Release|Any CPU
		{99D6809F-ACAB-4C27-BFC5-FB40D416EBD6}.Release|Any CPU.Build.0 = Release|Any CPU
		{6CB03274-A1D4-419A-8700-BB9F3420772F}.Debug|Any CPU.ActiveCfg = Debug|Any CPU
		{6CB03274-A1D4-419A-8700-BB9F3420772F}.Debug|Any CPU.Build.0 = Debug|Any CPU
		{6CB03274-A1D4-419A-8700-BB9F3420772F}.Release|Any CPU.ActiveCfg = Release|Any CPU
		{6CB03274-A1D4-419A-8700-BB9F3420772F}.Release|Any CPU.Build.0 = Release|Any CPU
		{756D6C85-753E-4303-BB3D-B3BBD0A4B2BB}.Debug|Any CPU.ActiveCfg = Debug|Any CPU
		{756D6C85-753E-4303-BB3D-B3BBD0A4B2BB}.Debug|Any CPU.Build.0 = Debug|Any CPU
		{756D6C85-753E-4303-BB3D-B3BBD0A4B2BB}.Release|Any CPU.ActiveCfg = Release|Any CPU
		{756D6C85-753E-4303-BB3D-B3BBD0A4B2BB}.Release|Any CPU.Build.0 = Release|Any CPU
		{A83D7999-F3F0-4166-9074-8DD2A3B2DA33}.Debug|Any CPU.ActiveCfg = Debug|Any CPU
		{A83D7999-F3F0-4166-9074-8DD2A3B2DA33}.Debug|Any CPU.Build.0 = Debug|Any CPU
		{A83D7999-F3F0-4166-9074-8DD2A3B2DA33}.Release|Any CPU.ActiveCfg = Release|Any CPU
		{A83D7999-F3F0-4166-9074-8DD2A3B2DA33}.Release|Any CPU.Build.0 = Release|Any CPU
	EndGlobalSection
	GlobalSection(SolutionProperties) = preSolution
		HideSolutionNode = FALSE
	EndGlobalSection
	GlobalSection(NestedProjects) = preSolution
		{8F3D43E5-9FF9-427B-93CD-43902AD85DDB} = {1072D076-83B5-4716-A721-3211D9339E91}
		{8E388B95-65C4-4586-99C3-87660042D132} = {53057864-8DF9-4A9D-924C-36A8C899CB6A}
		{DC7DC25D-1A14-47AC-909F-2F23BC5DC29A} = {53057864-8DF9-4A9D-924C-36A8C899CB6A}
		{320E205E-2DB9-455E-B062-9EA73BF1D1F9} = {53057864-8DF9-4A9D-924C-36A8C899CB6A}
		{6C4CE362-17FD-470E-AD9C-A01B661D619A} = {53057864-8DF9-4A9D-924C-36A8C899CB6A}
		{C5A8138B-A15B-471F-8AD8-44CF8B5A9480} = {53057864-8DF9-4A9D-924C-36A8C899CB6A}
		{B90B8DE4-9677-459F-B3A4-1F92373BA892} = {1072D076-83B5-4716-A721-3211D9339E91}
		{E212D5DC-9DC9-4043-89E1-04BACB69CF65} = {9B753E0F-4580-4901-8684-A8EC6D9151AA}
		{077C25F6-CC42-453D-8BC5-3D98B183A67C} = {53057864-8DF9-4A9D-924C-36A8C899CB6A}
		{F238AE90-8D78-4B35-AF37-5B9FBCF44159} = {53057864-8DF9-4A9D-924C-36A8C899CB6A}
		{934963B6-00AE-4D75-BF62-9247B5AB8809} = {53057864-8DF9-4A9D-924C-36A8C899CB6A}
		{E9DDBABE-5EB4-4AEC-8CE4-8C7710E73532} = {53057864-8DF9-4A9D-924C-36A8C899CB6A}
		{7E298794-49D6-43A9-B5A3-CB1FCFCBF777} = {53057864-8DF9-4A9D-924C-36A8C899CB6A}
		{0264BBD8-61EC-4DAE-8BC9-2BC0E5491C53} = {53057864-8DF9-4A9D-924C-36A8C899CB6A}
		{5F4F4EC4-A0CD-4F13-B02C-D06119A707EA} = {53057864-8DF9-4A9D-924C-36A8C899CB6A}
		{A6462B6B-31CA-4E58-86F6-BFF903A5FF3B} = {1296AE50-A024-4118-B43D-2F9802A567BB}
		{6CB03274-A1D4-419A-8700-BB9F3420772F} = {1296AE50-A024-4118-B43D-2F9802A567BB}
		{756D6C85-753E-4303-BB3D-B3BBD0A4B2BB} = {1296AE50-A024-4118-B43D-2F9802A567BB}
		{A83D7999-F3F0-4166-9074-8DD2A3B2DA33} = {1296AE50-A024-4118-B43D-2F9802A567BB}
	EndGlobalSection
	GlobalSection(ExtensibilityGlobals) = postSolution
		SolutionGuid = {22709C88-5741-4CC8-8E81-A66A17B04A0D}
	EndGlobalSection
EndGlobal
